{
  "version": 4,
  "terraform_version": "0.12.8",
  "serial": 9,
  "lineage": "79442c8f-1af6-38b9-3d91-bcacc600a584",
  "outputs": {
    "endpoint": {
      "value": "35.228.181.128",
      "type": "string",
      "sensitive": true
    },
    "master_version": {
      "value": "1.16.13-gke.401",
      "type": "string"
    },
    "name": {
      "value": "webserf",
      "type": "string"
    }
  },
  "resources": [
    {
      "mode": "managed",
      "type": "google_container_cluster",
      "name": "webserf",
      "provider": "provider.google",
      "instances": [
        {
          "schema_version": 1,
          "attributes": {
            "addons_config": [
              {
                "cloudrun_config": [],
                "horizontal_pod_autoscaling": [],
                "http_load_balancing": [],
                "network_policy_config": [
                  {
                    "disabled": true
                  }
                ]
              }
            ],
            "authenticator_groups_config": [],
            "cluster_autoscaling": [
              {
                "auto_provisioning_defaults": [],
                "enabled": false,
                "resource_limits": []
              }
            ],
            "cluster_ipv4_cidr": "10.8.0.0/14",
            "database_encryption": [
              {
                "key_name": "",
                "state": "DECRYPTED"
              }
            ],
            "default_max_pods_per_node": null,
            "description": "",
            "enable_binary_authorization": false,
            "enable_intranode_visibility": null,
            "enable_kubernetes_alpha": false,
            "enable_legacy_abac": false,
            "enable_shielded_nodes": false,
            "enable_tpu": null,
            "endpoint": "35.228.181.128",
            "id": "projects/hallowed-zoo-291019/locations/europe-north1-a/clusters/webserf",
            "initial_node_count": 1,
            "instance_group_urls": [],
            "ip_allocation_policy": [],
            "label_fingerprint": "a9dc16a7",
            "location": "europe-north1-a",
            "logging_service": "none",
            "maintenance_policy": [],
            "master_auth": [
              {
                "client_certificate": "",
                "client_certificate_config": [
                  {
                    "issue_client_certificate": false
                  }
                ],
                "client_key": "",
                "cluster_ca_certificate": "LS0tLS1CRUdJTiBDRVJUSUZJQ0FURS0tLS0tCk1JSURLekNDQWhPZ0F3SUJBZ0lSQUpaYmJ3SDlUOTR3VjFjZm9VbkE4RU13RFFZSktvWklodmNOQVFFTEJRQXcKTHpFdE1Dc0dBMVVFQXhNa01Ea3pOV1U0TlRBdE5qZzRNaTAwTjJJM0xUazVPR010Wm1GaE9USmpPRGsxTTJKbQpNQjRYRFRJd01UQXlOVEUzTlRjeU4xb1hEVEkxTVRBeU5ERTROVGN5TjFvd0x6RXRNQ3NHQTFVRUF4TWtNRGt6Ck5XVTROVEF0TmpnNE1pMDBOMkkzTFRrNU9HTXRabUZoT1RKak9EazFNMkptTUlJQklqQU5CZ2txaGtpRzl3MEIKQVFFRkFBT0NBUThBTUlJQkNnS0NBUUVBc3VPS08wUGhUaG5pMGt4Nkg4ODN0VXJHYis1RkZ4bm1sSERacGhsUgo5TGkwVkdBVUNPM2Rua2RDQm5tbUFsaDQwMTVDaU03MGdEbWpCZkdJUzgrUFVYZUVuZXBJUW1ycm1kanc1TnUyCnNDeEpqZW1rWCtqWlJQSjlMTlJNU1RZWWxtRGgvL2pSTDMwMU9PN0JqK0M3VXpQSkl5amYxWDdOL3NTV3Myc0gKN2V1ZERTaExmWG1qeHV5cjhWbEpvOGVKYjgzRTc0amRQTzF0ZlQ1d0lPblU2dmFFTHZjOHIvSHNDZVNSZk1QOQpydmZ0eVN1R2xxU3ErdlcwaDRtczdGQmk4ZU9oeHhkeW14U2pVY3hLS1dpZ21lK3VRY3R5RHd0VlJobkdhUk9lCk9zY1NDTEZjeXZzamt3MHhhNTZJY2YyY3IzcExPanlJVTl0cUNPVisvUVNSZlFJREFRQUJvMEl3UURBT0JnTlYKSFE4QkFmOEVCQU1DQWdRd0R3WURWUjBUQVFIL0JBVXdBd0VCL3pBZEJnTlZIUTRFRmdRVUFRek83NGxUZ2VzQwpBb0ZvTk0xZUdsQmtxZ0F3RFFZSktvWklodmNOQVFFTEJRQURnZ0VCQUpjUjMybW1yL2MwUk1OY0dIV0FzK2JoCnRPazBrQ21EbEVqT1NOUnlycjRnendQMHZMU3doWHViU0JaUHExOHVCRlBwOThsVEtnc2psWFM1YklsTGZzUXcKV0lidzhoQzBvclJqQkI1Tm5mbFVPc0d3cEI4SDlJdXhBYWxuSVRwTVBYa0xoM1VUNWVybkpXNlFTZzV1WWtCMAphcGg2clRBcGptcEVkNVJzbWtJK21Lc3hNOWhGVndqT3FhaTg1b3pQZk54OURya3FwVXlEM0tiOWFFVHQvSjNNCkM4SWZEZjJ3T0UxWitDc2NsWm9YbW8yTFZMMzZNZHoxV1VQV0swOHVGWGpKTHNkWjRqZHNxczNzNExDU0NsY0YKT0x1K3VyMERNQTJXNDVGa1g1a2MyT2NicVczeDFrZ1pLaEZqdFlDWkprRFJ2T3hDZVA1emFxWXBLT3BOK1RFPQotLS0tLUVORCBDRVJUSUZJQ0FURS0tLS0tCg==",
                "password": "",
                "username": ""
              }
            ],
            "master_authorized_networks_config": [],
            "master_version": "1.16.13-gke.401",
            "min_master_version": null,
            "monitoring_service": "none",
            "name": "webserf",
            "network": "projects/hallowed-zoo-291019/global/networks/default",
            "network_policy": [
              {
                "enabled": false,
                "provider": "PROVIDER_UNSPECIFIED"
              }
            ],
            "node_config": [],
            "node_locations": [],
            "node_pool": [],
            "node_version": "1.16.13-gke.401",
            "operation": null,
            "pod_security_policy_config": [],
            "private_cluster_config": [],
            "project": "hallowed-zoo-291019",
            "release_channel": [
              {
                "channel": "UNSPECIFIED"
              }
            ],
            "remove_default_node_pool": true,
            "resource_labels": null,
            "resource_usage_export_config": [],
            "self_link": "https://container.googleapis.com/v1beta1/projects/hallowed-zoo-291019/zones/europe-north1-a/clusters/webserf",
            "services_ipv4_cidr": "10.11.240.0/20",
            "subnetwork": "projects/hallowed-zoo-291019/regions/europe-north1/subnetworks/default",
            "timeouts": null,
            "vertical_pod_autoscaling": [],
            "workload_identity_config": []
          },
          "private": "eyJlMmJmYjczMC1lY2FhLTExZTYtOGY4OC0zNDM2M2JjN2M0YzAiOnsiY3JlYXRlIjoyNDAwMDAwMDAwMDAwLCJkZWxldGUiOjI0MDAwMDAwMDAwMDAsInJlYWQiOjI0MDAwMDAwMDAwMDAsInVwZGF0ZSI6MzYwMDAwMDAwMDAwMH0sInNjaGVtYV92ZXJzaW9uIjoiMSJ9"
        }
      ]
    },
    {
      "mode": "managed",
      "type": "google_container_node_pool",
      "name": "primary_preemptible_nodes",
      "provider": "provider.google",
      "instances": [
        {
          "schema_version": 1,
          "attributes": {
            "autoscaling": [],
            "cluster": "webserf",
            "id": "projects/hallowed-zoo-291019/locations/europe-north1-a/clusters/webserf/nodePools/webserf-pool",
            "initial_node_count": 3,
            "instance_group_urls": [
              "https://www.googleapis.com/compute/v1/projects/hallowed-zoo-291019/zones/europe-north1-a/instanceGroupManagers/gke-webserf-webserf-pool-221996fc-grp"
            ],
            "location": "europe-north1-a",
            "management": [
              {
                "auto_repair": true,
                "auto_upgrade": true
              }
            ],
            "max_pods_per_node": null,
            "name": "webserf-pool",
            "name_prefix": "",
            "node_config": [
              {
                "disk_size_gb": 100,
                "disk_type": "pd-standard",
                "guest_accelerator": [],
                "image_type": "COS",
                "labels": {},
                "local_ssd_count": 0,
                "machine_type": "e2-standard-2",
                "metadata": {
                  "disable-legacy-endpoints": "true"
                },
                "min_cpu_platform": "",
                "oauth_scopes": [
                  "https://www.googleapis.com/auth/monitoring.write"
                ],
                "preemptible": true,
                "service_account": "default",
                "shielded_instance_config": [
                  {
                    "enable_integrity_monitoring": true,
                    "enable_secure_boot": false
                  }
                ],
                "tags": null,
                "taint": [],
                "workload_metadata_config": []
              }
            ],
            "node_count": 3,
            "node_locations": [
              "europe-north1-a"
            ],
            "project": "hallowed-zoo-291019",
            "timeouts": null,
            "upgrade_settings": [
              {
                "max_surge": 1,
                "max_unavailable": 0
              }
            ],
            "version": "1.16.13-gke.401"
          },
          "private": "eyJlMmJmYjczMC1lY2FhLTExZTYtOGY4OC0zNDM2M2JjN2M0YzAiOnsiY3JlYXRlIjoxODAwMDAwMDAwMDAwLCJkZWxldGUiOjE4MDAwMDAwMDAwMDAsInVwZGF0ZSI6MTgwMDAwMDAwMDAwMH0sInNjaGVtYV92ZXJzaW9uIjoiMSJ9",
          "depends_on": [
            "google_container_cluster.webserf"
          ]
        }
      ]
    }
  ]
}
