{
  "version": 4,
  "terraform_version": "0.12.8",
  "serial": 43,
  "lineage": "79442c8f-1af6-38b9-3d91-bcacc600a584",
  "outputs": {
    "endpoint": {
      "value": "35.228.48.19",
      "type": "string",
      "sensitive": true
    },
    "master_version": {
      "value": "1.14.10-gke.1504",
      "type": "string"
    },
    "name": {
      "value": "webserf",
      "type": "string"
    }
  },
  "resources": [
    {
      "mode": "managed",
      "type": "google_container_cluster",
      "name": "webserf",
      "provider": "provider.google",
      "instances": [
        {
          "schema_version": 1,
          "attributes": {
            "addons_config": [
              {
                "cloudrun_config": [],
                "horizontal_pod_autoscaling": [],
                "http_load_balancing": [],
                "network_policy_config": [
                  {
                    "disabled": true
                  }
                ]
              }
            ],
            "authenticator_groups_config": [],
            "cluster_autoscaling": [
              {
                "auto_provisioning_defaults": [],
                "enabled": false,
                "resource_limits": []
              }
            ],
            "cluster_ipv4_cidr": "10.0.0.0/14",
            "database_encryption": [
              {
                "key_name": "",
                "state": "DECRYPTED"
              }
            ],
            "default_max_pods_per_node": null,
            "description": "",
            "enable_binary_authorization": false,
            "enable_intranode_visibility": null,
            "enable_kubernetes_alpha": false,
            "enable_legacy_abac": true,
            "enable_shielded_nodes": false,
            "enable_tpu": null,
            "endpoint": "35.228.48.19",
            "id": "projects/hallowed-zoo-291019/locations/europe-north1-a/clusters/webserf",
            "initial_node_count": 1,
            "instance_group_urls": [],
            "ip_allocation_policy": [],
            "label_fingerprint": "a9dc16a7",
            "location": "europe-north1-a",
            "logging_service": "none",
            "maintenance_policy": [],
            "master_auth": [
              {
                "client_certificate": "",
                "client_certificate_config": [
                  {
                    "issue_client_certificate": false
                  }
                ],
                "client_key": "",
                "cluster_ca_certificate": "LS0tLS1CRUdJTiBDRVJUSUZJQ0FURS0tLS0tCk1JSURLekNDQWhPZ0F3SUJBZ0lSQVBTNjNiakpSdm9vc1Q1TlUrZ2dZV3d3RFFZSktvWklodmNOQVFFTEJRQXcKTHpFdE1Dc0dBMVVFQXhNa05HRm1Nekk1TVRJdE9XTXpOaTAwTW1GaUxXRXlOamd0TkRjMlpUY3pZemc0TVdZMgpNQjRYRFRJd01URXdNVEU0TURZMU5Gb1hEVEkxTVRBek1URTVNRFkxTkZvd0x6RXRNQ3NHQTFVRUF4TWtOR0ZtCk16STVNVEl0T1dNek5pMDBNbUZpTFdFeU5qZ3RORGMyWlRjell6ZzRNV1kyTUlJQklqQU5CZ2txaGtpRzl3MEIKQVFFRkFBT0NBUThBTUlJQkNnS0NBUUVBeFRrQ1E4Y09MMVI3aU9MUmVBVFZEZDgxSXFRTVBidUNzVXpxMmNyZwp3eUl5a0NPL3RCRjUzWW42S2RxSnVwWGwyT0xZVWRrKzlIYjNEZngxeXQreE9QaHFyTUQ2UnlnUi9JYno2S1FaCmljei9DbHZKUklybWhGOFVrMWNjZ0REUEQwdTBxa3VxMnc3dUxtUEkzaFdQRlpmQmc4K2Voajh6c09OOE51U1MKK1VyNGdQVXRSVUhGbnNZUG9jWlFJQ2VKVGlBNWZCSTlnUEN3K3JOa3ppQlM2YUJEUnVHaGwyN0gzV2hqVTdPeApQOGgvTGNzUUNOK2tDZDdDbElWcUo0NnR0SFZtd0JxYUUvREtwZU45aEIrY3ZVa2tYSlFKQWFXbGdGVWpxMnZYCkhtQU5mMUxYdUM2cmdKR3l0S1lRM29JbzBCMjEyRkROZzBYaUk5T1E2WUFMNXdJREFRQUJvMEl3UURBT0JnTlYKSFE4QkFmOEVCQU1DQWdRd0R3WURWUjBUQVFIL0JBVXdBd0VCL3pBZEJnTlZIUTRFRmdRVSsvS25pWlVYaGQ3MgpkemxxbkFtQ0FSK3VVMkl3RFFZSktvWklodmNOQVFFTEJRQURnZ0VCQUl5TDl5NGJKaTFQZUZXdFhJdEovaUxLCkRua3JoTlpiNW1RNEVCZW91K0RvYlNjV0pqVk9tMmZtSm5vUmRaemtqcEtwSnJTSlJNclJ5K1VsMlZ4M3BnY2UKUHBCMjNLeTVwV0dPY3o2cEtqaTlOenhUNGlwU1BlM0dDTFhsUjg0RWxTakcxbG4wTlI4NWFuTi9uYXA3d0xSMApsWDZsSWtLK3Ard2NrK1FCZXBVNVJwNFN6WW14ODUrWTF1UlJodzZlSnZvYXdiV29zanBNd0l2Nk1YUk9WKzY1CmtRKzl3b0gwazVRWndaSlpraXhVQkI4dzVJRVBvY1JBVzlIRkdhQlJPUUQzS2E0SU9KMEU1Q3ZqMURjOWRzcnYKT2R1bTJmR1ozdjYyd2NqYlhQellieGRVdHA1Yy8vRjM3OUtIcGI5RWUyaStWTCt3TnIvTFl0eU9GM0l5U0NBPQotLS0tLUVORCBDRVJUSUZJQ0FURS0tLS0tCg==",
                "password": "",
                "username": ""
              }
            ],
            "master_authorized_networks_config": [],
            "master_version": "1.14.10-gke.1504",
            "min_master_version": "1.14.10-gke.1504",
            "monitoring_service": "none",
            "name": "webserf",
            "network": "projects/hallowed-zoo-291019/global/networks/default",
            "network_policy": [
              {
                "enabled": false,
                "provider": "PROVIDER_UNSPECIFIED"
              }
            ],
            "node_config": [],
            "node_locations": [],
            "node_pool": [],
            "node_version": "1.14.10-gke.1504",
            "operation": null,
            "pod_security_policy_config": [],
            "private_cluster_config": [],
            "project": "hallowed-zoo-291019",
            "release_channel": [
              {
                "channel": "UNSPECIFIED"
              }
            ],
            "remove_default_node_pool": true,
            "resource_labels": null,
            "resource_usage_export_config": [],
            "self_link": "https://container.googleapis.com/v1beta1/projects/hallowed-zoo-291019/zones/europe-north1-a/clusters/webserf",
            "services_ipv4_cidr": "10.3.240.0/20",
            "subnetwork": "projects/hallowed-zoo-291019/regions/europe-north1/subnetworks/default",
            "timeouts": null,
            "vertical_pod_autoscaling": [],
            "workload_identity_config": []
          },
          "private": "eyJlMmJmYjczMC1lY2FhLTExZTYtOGY4OC0zNDM2M2JjN2M0YzAiOnsiY3JlYXRlIjoyNDAwMDAwMDAwMDAwLCJkZWxldGUiOjI0MDAwMDAwMDAwMDAsInJlYWQiOjI0MDAwMDAwMDAwMDAsInVwZGF0ZSI6MzYwMDAwMDAwMDAwMH0sInNjaGVtYV92ZXJzaW9uIjoiMSJ9"
        }
      ]
    },
    {
      "mode": "managed",
      "type": "google_container_node_pool",
      "name": "primary_preemptible_nodes",
      "provider": "provider.google",
      "instances": [
        {
          "status": "tainted",
          "schema_version": 1,
          "attributes": {
            "autoscaling": [],
            "cluster": "webserf",
            "id": "projects/hallowed-zoo-291019/locations/europe-west1-b/clusters/webserf/nodePools/webserf-pool",
            "initial_node_count": null,
            "instance_group_urls": null,
            "location": "europe-west1-b",
            "management": null,
            "max_pods_per_node": null,
            "name": "webserf-pool",
            "name_prefix": null,
            "node_config": [
              {
                "disk_size_gb": 30,
                "disk_type": "",
                "guest_accelerator": [],
                "image_type": "",
                "labels": {},
                "local_ssd_count": 0,
                "machine_type": "e2-standard-2",
                "metadata": {
                  "disable-legacy-endpoints": "true"
                },
                "min_cpu_platform": "",
                "oauth_scopes": [],
                "preemptible": true,
                "service_account": "",
                "shielded_instance_config": [],
                "tags": null,
                "taint": [],
                "workload_metadata_config": []
              }
            ],
            "node_count": 3,
            "node_locations": [],
            "project": null,
            "timeouts": null,
            "upgrade_settings": null,
            "version": "1.14.10-gke.1504"
          },
          "private": "eyJlMmJmYjczMC1lY2FhLTExZTYtOGY4OC0zNDM2M2JjN2M0YzAiOnsiY3JlYXRlIjoxODAwMDAwMDAwMDAwLCJkZWxldGUiOjE4MDAwMDAwMDAwMDAsInVwZGF0ZSI6MTgwMDAwMDAwMDAwMH0sInNjaGVtYV92ZXJzaW9uIjoiMSJ9",
          "depends_on": [
            "google_container_cluster.webserf"
          ]
        }
      ]
    }
  ]
}
